// !$*UTF8*$!
{
	archiveVersion = 1;
	classes = {
	};
	objectVersion = 56;
	objects = {

/* Begin PBXBuildFile section */
		821C7BC12C21D5300023BEE2 /* AppDelegate.swift in Sources */ = {isa = PBXBuildFile; fileRef = 821C7BC02C21D5300023BEE2 /* AppDelegate.swift */; };
		821C7BC32C21D5300023BEE2 /* SceneDelegate.swift in Sources */ = {isa = PBXBuildFile; fileRef = 821C7BC22C21D5300023BEE2 /* SceneDelegate.swift */; };
		821C7BC52C21D5300023BEE2 /* UserViewController.swift in Sources */ = {isa = PBXBuildFile; fileRef = 821C7BC42C21D5300023BEE2 /* UserViewController.swift */; };
		821C7BC82C21D5300023BEE2 /* Base in Resources */ = {isa = PBXBuildFile; fileRef = 821C7BC72C21D5300023BEE2 /* Base */; };
		821C7BCA2C21D5320023BEE2 /* Assets.xcassets in Resources */ = {isa = PBXBuildFile; fileRef = 821C7BC92C21D5320023BEE2 /* Assets.xcassets */; };
		821C7BCD2C21D5320023BEE2 /* Base in Resources */ = {isa = PBXBuildFile; fileRef = 821C7BCC2C21D5320023BEE2 /* Base */; };
		821C7BDC2C21E9910023BEE2 /* Constants.swift in Sources */ = {isa = PBXBuildFile; fileRef = 821C7BDB2C21E9910023BEE2 /* Constants.swift */; };
		821C7BDE2C21E9AB0023BEE2 /* User.swift in Sources */ = {isa = PBXBuildFile; fileRef = 821C7BDD2C21E9AB0023BEE2 /* User.swift */; };
		821C7BE02C21EA690023BEE2 /* UserViewModel.swift in Sources */ = {isa = PBXBuildFile; fileRef = 821C7BDF2C21EA690023BEE2 /* UserViewModel.swift */; };
		821C7BE42C21EC3C0023BEE2 /* UserTableViewCell.swift in Sources */ = {isa = PBXBuildFile; fileRef = 821C7BE32C21EC3C0023BEE2 /* UserTableViewCell.swift */; };
		821C7BE62C21F3420023BEE2 /* NetworkAPIManager.swift in Sources */ = {isa = PBXBuildFile; fileRef = 821C7BE52C21F3420023BEE2 /* NetworkAPIManager.swift */; };
		821C7BE82C21F3CB0023BEE2 /* PersonViewModel.swift in Sources */ = {isa = PBXBuildFile; fileRef = 821C7BE72C21F3CB0023BEE2 /* PersonViewModel.swift */; };
		821C7BEA2C21F4160023BEE2 /* PersonViewController.swift in Sources */ = {isa = PBXBuildFile; fileRef = 821C7BE92C21F4160023BEE2 /* PersonViewController.swift */; };
		821C7BEC2C21F4460023BEE2 /* Person.swift in Sources */ = {isa = PBXBuildFile; fileRef = 821C7BEB2C21F4460023BEE2 /* Person.swift */; };
		821C7BEE2C21F7900023BEE2 /* PersonTableViewCell.swift in Sources */ = {isa = PBXBuildFile; fileRef = 821C7BED2C21F7900023BEE2 /* PersonTableViewCell.swift */; };
		821C7BF52C23322E0023BEE2 /* VideoViewController.swift in Sources */ = {isa = PBXBuildFile; fileRef = 821C7BF42C23322E0023BEE2 /* VideoViewController.swift */; };
		821C7BF72C2342E30023BEE2 /* DataPassDelegate.swift in Sources */ = {isa = PBXBuildFile; fileRef = 821C7BF62C2342E30023BEE2 /* DataPassDelegate.swift */; };
		821C7BFB2C23459A0023BEE2 /* Video.swift in Sources */ = {isa = PBXBuildFile; fileRef = 821C7BFA2C23459A0023BEE2 /* Video.swift */; };
		821C7BFD2C2347230023BEE2 /* VideoViewModel.swift in Sources */ = {isa = PBXBuildFile; fileRef = 821C7BFC2C2347230023BEE2 /* VideoViewModel.swift */; };
		821C7BFF2C2348EE0023BEE2 /* VideoTableViewCell.swift in Sources */ = {isa = PBXBuildFile; fileRef = 821C7BFE2C2348EE0023BEE2 /* VideoTableViewCell.swift */; };
		821C7C012C2379060023BEE2 /* NewsViewController.swift in Sources */ = {isa = PBXBuildFile; fileRef = 821C7C002C2379050023BEE2 /* NewsViewController.swift */; };
		821C7C032C237B740023BEE2 /* News.swift in Sources */ = {isa = PBXBuildFile; fileRef = 821C7C022C237B740023BEE2 /* News.swift */; };
		821C7C052C237B8B0023BEE2 /* NewsViewModel.swift in Sources */ = {isa = PBXBuildFile; fileRef = 821C7C042C237B8B0023BEE2 /* NewsViewModel.swift */; };
		821C7C072C237BBE0023BEE2 /* NewsTableViewCell.swift in Sources */ = {isa = PBXBuildFile; fileRef = 821C7C062C237BBE0023BEE2 /* NewsTableViewCell.swift */; };
		821C7C092C23EBA90023BEE2 /* Meal.swift in Sources */ = {isa = PBXBuildFile; fileRef = 821C7C082C23EBA90023BEE2 /* Meal.swift */; };
		821C7C0B2C23EBC20023BEE2 /* MealViewModel.swift in Sources */ = {isa = PBXBuildFile; fileRef = 821C7C0A2C23EBC20023BEE2 /* MealViewModel.swift */; };
		821C7C0D2C23EC2C0023BEE2 /* MealViewController.swift in Sources */ = {isa = PBXBuildFile; fileRef = 821C7C0C2C23EC2C0023BEE2 /* MealViewController.swift */; };
		821C7C0F2C23EC500023BEE2 /* MealTableViewCell.swift in Sources */ = {isa = PBXBuildFile; fileRef = 821C7C0E2C23EC500023BEE2 /* MealTableViewCell.swift */; };
		821C7C112C25D8A30023BEE2 /* MealTableViewCellDelegate.swift in Sources */ = {isa = PBXBuildFile; fileRef = 821C7C102C25D8A30023BEE2 /* MealTableViewCellDelegate.swift */; };
		8274C8D72C2B4E0200E64FE6 /* SettingsViewModel.swift in Sources */ = {isa = PBXBuildFile; fileRef = 8274C8D62C2B4E0100E64FE6 /* SettingsViewModel.swift */; };
		8274C9222C2BA1F400E64FE6 /* PersonViewModelTests.swift in Sources */ = {isa = PBXBuildFile; fileRef = 8274C9212C2BA1F400E64FE6 /* PersonViewModelTests.swift */; };
		8274C9242C2BA45F00E64FE6 /* VideoViewModelTests.swift in Sources */ = {isa = PBXBuildFile; fileRef = 8274C9232C2BA45F00E64FE6 /* VideoViewModelTests.swift */; };
		8274C9262C2BD16A00E64FE6 /* NewsViewModelTests.swift in Sources */ = {isa = PBXBuildFile; fileRef = 8274C9252C2BD16900E64FE6 /* NewsViewModelTests.swift */; };
		8274C9282C2BD2A000E64FE6 /* MealViewModelTests.swift in Sources */ = {isa = PBXBuildFile; fileRef = 8274C9272C2BD29F00E64FE6 /* MealViewModelTests.swift */; };
		82FDE0282C2A68A10036A372 /* SettingsViewController.swift in Sources */ = {isa = PBXBuildFile; fileRef = 82FDE0272C2A68A10036A372 /* SettingsViewController.swift */; };
		82FDE02A2C2A8E410036A372 /* MockAPIManager.swift in Sources */ = {isa = PBXBuildFile; fileRef = 82FDE0292C2A8E410036A372 /* MockAPIManager.swift */; };
		82FDE0342C2A91B90036A372 /* UserViewModelTests.swift in Sources */ = {isa = PBXBuildFile; fileRef = 82FDE0332C2A91B90036A372 /* UserViewModelTests.swift */; };
		82FDE03B2C2A987D0036A372 /* SettingsDelegate.swift in Sources */ = {isa = PBXBuildFile; fileRef = 82FDE03A2C2A987D0036A372 /* SettingsDelegate.swift */; };
/* End PBXBuildFile section */

/* Begin PBXContainerItemProxy section */
		82FDE0352C2A91B90036A372 /* PBXContainerItemProxy */ = {
			isa = PBXContainerItemProxy;
			containerPortal = 821C7BB52C21D5300023BEE2 /* Project object */;
			proxyType = 1;
			remoteGlobalIDString = 821C7BBC2C21D5300023BEE2;
			remoteInfo = FoodApp;
		};
/* End PBXContainerItemProxy section */

/* Begin PBXFileReference section */
		821C7BBD2C21D5300023BEE2 /* FoodApp.app */ = {isa = PBXFileReference; explicitFileType = wrapper.application; includeInIndex = 0; path = FoodApp.app; sourceTree = BUILT_PRODUCTS_DIR; };
		821C7BC02C21D5300023BEE2 /* AppDelegate.swift */ = {isa = PBXFileReference; lastKnownFileType = sourcecode.swift; path = AppDelegate.swift; sourceTree = "<group>"; };
		821C7BC22C21D5300023BEE2 /* SceneDelegate.swift */ = {isa = PBXFileReference; lastKnownFileType = sourcecode.swift; path = SceneDelegate.swift; sourceTree = "<group>"; };
		821C7BC42C21D5300023BEE2 /* UserViewController.swift */ = {isa = PBXFileReference; lastKnownFileType = sourcecode.swift; path = UserViewController.swift; sourceTree = "<group>"; };
		821C7BC72C21D5300023BEE2 /* Base */ = {isa = PBXFileReference; lastKnownFileType = file.storyboard; name = Base; path = Base.lproj/Main.storyboard; sourceTree = "<group>"; };
		821C7BC92C21D5320023BEE2 /* Assets.xcassets */ = {isa = PBXFileReference; lastKnownFileType = folder.assetcatalog; path = Assets.xcassets; sourceTree = "<group>"; };
		821C7BCC2C21D5320023BEE2 /* Base */ = {isa = PBXFileReference; lastKnownFileType = file.storyboard; name = Base; path = Base.lproj/LaunchScreen.storyboard; sourceTree = "<group>"; };
		821C7BCE2C21D5320023BEE2 /* Info.plist */ = {isa = PBXFileReference; lastKnownFileType = text.plist.xml; path = Info.plist; sourceTree = "<group>"; };
		821C7BDB2C21E9910023BEE2 /* Constants.swift */ = {isa = PBXFileReference; lastKnownFileType = sourcecode.swift; path = Constants.swift; sourceTree = "<group>"; };
		821C7BDD2C21E9AB0023BEE2 /* User.swift */ = {isa = PBXFileReference; lastKnownFileType = sourcecode.swift; path = User.swift; sourceTree = "<group>"; };
		821C7BDF2C21EA690023BEE2 /* UserViewModel.swift */ = {isa = PBXFileReference; lastKnownFileType = sourcecode.swift; path = UserViewModel.swift; sourceTree = "<group>"; };
		821C7BE32C21EC3C0023BEE2 /* UserTableViewCell.swift */ = {isa = PBXFileReference; lastKnownFileType = sourcecode.swift; path = UserTableViewCell.swift; sourceTree = "<group>"; };
		821C7BE52C21F3420023BEE2 /* NetworkAPIManager.swift */ = {isa = PBXFileReference; lastKnownFileType = sourcecode.swift; path = NetworkAPIManager.swift; sourceTree = "<group>"; };
		821C7BE72C21F3CB0023BEE2 /* PersonViewModel.swift */ = {isa = PBXFileReference; lastKnownFileType = sourcecode.swift; path = PersonViewModel.swift; sourceTree = "<group>"; };
		821C7BE92C21F4160023BEE2 /* PersonViewController.swift */ = {isa = PBXFileReference; lastKnownFileType = sourcecode.swift; path = PersonViewController.swift; sourceTree = "<group>"; };
		821C7BEB2C21F4460023BEE2 /* Person.swift */ = {isa = PBXFileReference; lastKnownFileType = sourcecode.swift; path = Person.swift; sourceTree = "<group>"; };
		821C7BED2C21F7900023BEE2 /* PersonTableViewCell.swift */ = {isa = PBXFileReference; lastKnownFileType = sourcecode.swift; path = PersonTableViewCell.swift; sourceTree = "<group>"; };
		821C7BF42C23322E0023BEE2 /* VideoViewController.swift */ = {isa = PBXFileReference; lastKnownFileType = sourcecode.swift; path = VideoViewController.swift; sourceTree = "<group>"; };
		821C7BF62C2342E30023BEE2 /* DataPassDelegate.swift */ = {isa = PBXFileReference; lastKnownFileType = sourcecode.swift; path = DataPassDelegate.swift; sourceTree = "<group>"; };
		821C7BFA2C23459A0023BEE2 /* Video.swift */ = {isa = PBXFileReference; lastKnownFileType = sourcecode.swift; path = Video.swift; sourceTree = "<group>"; };
		821C7BFC2C2347230023BEE2 /* VideoViewModel.swift */ = {isa = PBXFileReference; lastKnownFileType = sourcecode.swift; path = VideoViewModel.swift; sourceTree = "<group>"; };
		821C7BFE2C2348EE0023BEE2 /* VideoTableViewCell.swift */ = {isa = PBXFileReference; lastKnownFileType = sourcecode.swift; path = VideoTableViewCell.swift; sourceTree = "<group>"; };
		821C7C002C2379050023BEE2 /* NewsViewController.swift */ = {isa = PBXFileReference; lastKnownFileType = sourcecode.swift; path = NewsViewController.swift; sourceTree = "<group>"; };
		821C7C022C237B740023BEE2 /* News.swift */ = {isa = PBXFileReference; lastKnownFileType = sourcecode.swift; path = News.swift; sourceTree = "<group>"; };
		821C7C042C237B8B0023BEE2 /* NewsViewModel.swift */ = {isa = PBXFileReference; lastKnownFileType = sourcecode.swift; path = NewsViewModel.swift; sourceTree = "<group>"; };
		821C7C062C237BBE0023BEE2 /* NewsTableViewCell.swift */ = {isa = PBXFileReference; lastKnownFileType = sourcecode.swift; path = NewsTableViewCell.swift; sourceTree = "<group>"; };
		821C7C082C23EBA90023BEE2 /* Meal.swift */ = {isa = PBXFileReference; lastKnownFileType = sourcecode.swift; path = Meal.swift; sourceTree = "<group>"; };
		821C7C0A2C23EBC20023BEE2 /* MealViewModel.swift */ = {isa = PBXFileReference; lastKnownFileType = sourcecode.swift; path = MealViewModel.swift; sourceTree = "<group>"; };
		821C7C0C2C23EC2C0023BEE2 /* MealViewController.swift */ = {isa = PBXFileReference; lastKnownFileType = sourcecode.swift; path = MealViewController.swift; sourceTree = "<group>"; };
		821C7C0E2C23EC500023BEE2 /* MealTableViewCell.swift */ = {isa = PBXFileReference; lastKnownFileType = sourcecode.swift; path = MealTableViewCell.swift; sourceTree = "<group>"; };
		821C7C102C25D8A30023BEE2 /* MealTableViewCellDelegate.swift */ = {isa = PBXFileReference; lastKnownFileType = sourcecode.swift; path = MealTableViewCellDelegate.swift; sourceTree = "<group>"; };
		8274C8D62C2B4E0100E64FE6 /* SettingsViewModel.swift */ = {isa = PBXFileReference; lastKnownFileType = sourcecode.swift; path = SettingsViewModel.swift; sourceTree = "<group>"; };
		8274C9212C2BA1F400E64FE6 /* PersonViewModelTests.swift */ = {isa = PBXFileReference; lastKnownFileType = sourcecode.swift; path = PersonViewModelTests.swift; sourceTree = "<group>"; };
		8274C9232C2BA45F00E64FE6 /* VideoViewModelTests.swift */ = {isa = PBXFileReference; lastKnownFileType = sourcecode.swift; path = VideoViewModelTests.swift; sourceTree = "<group>"; };
		8274C9252C2BD16900E64FE6 /* NewsViewModelTests.swift */ = {isa = PBXFileReference; lastKnownFileType = sourcecode.swift; path = NewsViewModelTests.swift; sourceTree = "<group>"; };
		8274C9272C2BD29F00E64FE6 /* MealViewModelTests.swift */ = {isa = PBXFileReference; lastKnownFileType = sourcecode.swift; path = MealViewModelTests.swift; sourceTree = "<group>"; };
		82FDE0272C2A68A10036A372 /* SettingsViewController.swift */ = {isa = PBXFileReference; lastKnownFileType = sourcecode.swift; path = SettingsViewController.swift; sourceTree = "<group>"; };
		82FDE0292C2A8E410036A372 /* MockAPIManager.swift */ = {isa = PBXFileReference; lastKnownFileType = sourcecode.swift; path = MockAPIManager.swift; sourceTree = "<group>"; };
		82FDE0312C2A91B90036A372 /* FoodAppTests.xctest */ = {isa = PBXFileReference; explicitFileType = wrapper.cfbundle; includeInIndex = 0; path = FoodAppTests.xctest; sourceTree = BUILT_PRODUCTS_DIR; };
		82FDE0332C2A91B90036A372 /* UserViewModelTests.swift */ = {isa = PBXFileReference; lastKnownFileType = sourcecode.swift; path = UserViewModelTests.swift; sourceTree = "<group>"; };
		82FDE03A2C2A987D0036A372 /* SettingsDelegate.swift */ = {isa = PBXFileReference; lastKnownFileType = sourcecode.swift; path = SettingsDelegate.swift; sourceTree = "<group>"; };
/* End PBXFileReference section */

/* Begin PBXFrameworksBuildPhase section */
		821C7BBA2C21D5300023BEE2 /* Frameworks */ = {
			isa = PBXFrameworksBuildPhase;
			buildActionMask = 2147483647;
			files = (
			);
			runOnlyForDeploymentPostprocessing = 0;
		};
		82FDE02E2C2A91B90036A372 /* Frameworks */ = {
			isa = PBXFrameworksBuildPhase;
			buildActionMask = 2147483647;
			files = (
			);
			runOnlyForDeploymentPostprocessing = 0;
		};
/* End PBXFrameworksBuildPhase section */

/* Begin PBXGroup section */
		821C7BB42C21D5300023BEE2 = {
			isa = PBXGroup;
			children = (
				821C7BBF2C21D5300023BEE2 /* FoodApp */,
				82FDE0322C2A91B90036A372 /* FoodAppTests */,
				821C7BBE2C21D5300023BEE2 /* Products */,
			);
			sourceTree = "<group>";
		};
		821C7BBE2C21D5300023BEE2 /* Products */ = {
			isa = PBXGroup;
			children = (
				821C7BBD2C21D5300023BEE2 /* FoodApp.app */,
				82FDE0312C2A91B90036A372 /* FoodAppTests.xctest */,
			);
			name = Products;
			sourceTree = "<group>";
		};
		821C7BBF2C21D5300023BEE2 /* FoodApp */ = {
			isa = PBXGroup;
			children = (
				821C7BCE2C21D5320023BEE2 /* Info.plist */,
				821C7BF32C22F6D00023BEE2 /* Delegates */,
				821C7BDA2C21E9770023BEE2 /* Network */,
				821C7BD92C21E94A0023BEE2 /* Controller */,
				821C7BD72C21E8FD0023BEE2 /* Common */,
				821C7BD62C21E8DB0023BEE2 /* ViewModel */,
				821C7BD52C21E8D60023BEE2 /* View */,
				821C7BD42C21E8CC0023BEE2 /* Model */,
			);
			path = FoodApp;
			sourceTree = "<group>";
		};
		821C7BD42C21E8CC0023BEE2 /* Model */ = {
			isa = PBXGroup;
			children = (
				821C7BDD2C21E9AB0023BEE2 /* User.swift */,
				821C7BEB2C21F4460023BEE2 /* Person.swift */,
				821C7BFA2C23459A0023BEE2 /* Video.swift */,
				821C7C022C237B740023BEE2 /* News.swift */,
				821C7C082C23EBA90023BEE2 /* Meal.swift */,
			);
			path = Model;
			sourceTree = "<group>";
		};
		821C7BD52C21E8D60023BEE2 /* View */ = {
			isa = PBXGroup;
			children = (
				821C7BE32C21EC3C0023BEE2 /* UserTableViewCell.swift */,
				821C7BED2C21F7900023BEE2 /* PersonTableViewCell.swift */,
				821C7C062C237BBE0023BEE2 /* NewsTableViewCell.swift */,
				821C7C0E2C23EC500023BEE2 /* MealTableViewCell.swift */,
				821C7BFE2C2348EE0023BEE2 /* VideoTableViewCell.swift */,
				821C7BF22C22F6B60023BEE2 /* Storyboard */,
			);
			path = View;
			sourceTree = "<group>";
		};
		821C7BD62C21E8DB0023BEE2 /* ViewModel */ = {
			isa = PBXGroup;
			children = (
				821C7BDF2C21EA690023BEE2 /* UserViewModel.swift */,
				821C7BE72C21F3CB0023BEE2 /* PersonViewModel.swift */,
				821C7BFC2C2347230023BEE2 /* VideoViewModel.swift */,
				821C7C042C237B8B0023BEE2 /* NewsViewModel.swift */,
				821C7C0A2C23EBC20023BEE2 /* MealViewModel.swift */,
				8274C8D62C2B4E0100E64FE6 /* SettingsViewModel.swift */,
			);
			path = ViewModel;
			sourceTree = "<group>";
		};
		821C7BD72C21E8FD0023BEE2 /* Common */ = {
			isa = PBXGroup;
			children = (
				821C7BDB2C21E9910023BEE2 /* Constants.swift */,
				821C7BC92C21D5320023BEE2 /* Assets.xcassets */,
			);
			path = Common;
			sourceTree = "<group>";
		};
		821C7BD92C21E94A0023BEE2 /* Controller */ = {
			isa = PBXGroup;
			children = (
				821C7BC42C21D5300023BEE2 /* UserViewController.swift */,
				821C7BE92C21F4160023BEE2 /* PersonViewController.swift */,
				821C7BF42C23322E0023BEE2 /* VideoViewController.swift */,
				821C7C002C2379050023BEE2 /* NewsViewController.swift */,
				821C7C0C2C23EC2C0023BEE2 /* MealViewController.swift */,
				82FDE0272C2A68A10036A372 /* SettingsViewController.swift */,
			);
			path = Controller;
			sourceTree = "<group>";
		};
		821C7BDA2C21E9770023BEE2 /* Network */ = {
			isa = PBXGroup;
			children = (
				821C7BE52C21F3420023BEE2 /* NetworkAPIManager.swift */,
				82FDE0292C2A8E410036A372 /* MockAPIManager.swift */,
			);
			path = Network;
			sourceTree = "<group>";
		};
		821C7BF22C22F6B60023BEE2 /* Storyboard */ = {
			isa = PBXGroup;
			children = (
				821C7BC62C21D5300023BEE2 /* Main.storyboard */,
				821C7BCB2C21D5320023BEE2 /* LaunchScreen.storyboard */,
			);
			path = Storyboard;
			sourceTree = "<group>";
		};
		821C7BF32C22F6D00023BEE2 /* Delegates */ = {
			isa = PBXGroup;
			children = (
				821C7BC02C21D5300023BEE2 /* AppDelegate.swift */,
				821C7BC22C21D5300023BEE2 /* SceneDelegate.swift */,
				821C7BF62C2342E30023BEE2 /* DataPassDelegate.swift */,
				821C7C102C25D8A30023BEE2 /* MealTableViewCellDelegate.swift */,
				82FDE03A2C2A987D0036A372 /* SettingsDelegate.swift */,
			);
			path = Delegates;
			sourceTree = "<group>";
		};
		82FDE0322C2A91B90036A372 /* FoodAppTests */ = {
			isa = PBXGroup;
			children = (
				82FDE0332C2A91B90036A372 /* UserViewModelTests.swift */,
				8274C9212C2BA1F400E64FE6 /* PersonViewModelTests.swift */,
				8274C9232C2BA45F00E64FE6 /* VideoViewModelTests.swift */,
				8274C9252C2BD16900E64FE6 /* NewsViewModelTests.swift */,
				8274C9272C2BD29F00E64FE6 /* MealViewModelTests.swift */,
			);
			path = FoodAppTests;
			sourceTree = "<group>";
		};
/* End PBXGroup section */

/* Begin PBXNativeTarget section */
		821C7BBC2C21D5300023BEE2 /* FoodApp */ = {
			isa = PBXNativeTarget;
			buildConfigurationList = 821C7BD12C21D5320023BEE2 /* Build configuration list for PBXNativeTarget "FoodApp" */;
			buildPhases = (
				821C7BB92C21D5300023BEE2 /* Sources */,
				821C7BBA2C21D5300023BEE2 /* Frameworks */,
				821C7BBB2C21D5300023BEE2 /* Resources */,
			);
			buildRules = (
			);
			dependencies = (
			);
			name = FoodApp;
			productName = FoodApp;
			productReference = 821C7BBD2C21D5300023BEE2 /* FoodApp.app */;
			productType = "com.apple.product-type.application";
		};
		82FDE0302C2A91B90036A372 /* FoodAppTests */ = {
			isa = PBXNativeTarget;
			buildConfigurationList = 82FDE0372C2A91B90036A372 /* Build configuration list for PBXNativeTarget "FoodAppTests" */;
			buildPhases = (
				82FDE02D2C2A91B90036A372 /* Sources */,
				82FDE02E2C2A91B90036A372 /* Frameworks */,
				82FDE02F2C2A91B90036A372 /* Resources */,
			);
			buildRules = (
			);
			dependencies = (
				82FDE0362C2A91B90036A372 /* PBXTargetDependency */,
			);
			name = FoodAppTests;
			productName = FoodAppTests;
			productReference = 82FDE0312C2A91B90036A372 /* FoodAppTests.xctest */;
			productType = "com.apple.product-type.bundle.unit-test";
		};
/* End PBXNativeTarget section */

/* Begin PBXProject section */
		821C7BB52C21D5300023BEE2 /* Project object */ = {
			isa = PBXProject;
			attributes = {
				BuildIndependentTargetsInParallel = 1;
				LastSwiftUpdateCheck = 1540;
				LastUpgradeCheck = 1540;
				TargetAttributes = {
					821C7BBC2C21D5300023BEE2 = {
						CreatedOnToolsVersion = 15.4;
					};
					82FDE0302C2A91B90036A372 = {
						CreatedOnToolsVersion = 15.4;
						TestTargetID = 821C7BBC2C21D5300023BEE2;
					};
				};
			};
			buildConfigurationList = 821C7BB82C21D5300023BEE2 /* Build configuration list for PBXProject "FoodApp" */;
			compatibilityVersion = "Xcode 14.0";
			developmentRegion = en;
			hasScannedForEncodings = 0;
			knownRegions = (
				en,
				Base,
			);
			mainGroup = 821C7BB42C21D5300023BEE2;
			productRefGroup = 821C7BBE2C21D5300023BEE2 /* Products */;
			projectDirPath = "";
			projectRoot = "";
			targets = (
				821C7BBC2C21D5300023BEE2 /* FoodApp */,
				82FDE0302C2A91B90036A372 /* FoodAppTests */,
			);
		};
/* End PBXProject section */

/* Begin PBXResourcesBuildPhase section */
		821C7BBB2C21D5300023BEE2 /* Resources */ = {
			isa = PBXResourcesBuildPhase;
			buildActionMask = 2147483647;
			files = (
				821C7BCA2C21D5320023BEE2 /* Assets.xcassets in Resources */,
				821C7BCD2C21D5320023BEE2 /* Base in Resources */,
				821C7BC82C21D5300023BEE2 /* Base in Resources */,
			);
			runOnlyForDeploymentPostprocessing = 0;
		};
		82FDE02F2C2A91B90036A372 /* Resources */ = {
			isa = PBXResourcesBuildPhase;
			buildActionMask = 2147483647;
			files = (
			);
			runOnlyForDeploymentPostprocessing = 0;
		};
/* End PBXResourcesBuildPhase section */

/* Begin PBXSourcesBuildPhase section */
		821C7BB92C21D5300023BEE2 /* Sources */ = {
			isa = PBXSourcesBuildPhase;
			buildActionMask = 2147483647;
			files = (
				821C7BFF2C2348EE0023BEE2 /* VideoTableViewCell.swift in Sources */,
				821C7BE62C21F3420023BEE2 /* NetworkAPIManager.swift in Sources */,
				821C7BE82C21F3CB0023BEE2 /* PersonViewModel.swift in Sources */,
				821C7BFD2C2347230023BEE2 /* VideoViewModel.swift in Sources */,
				821C7C092C23EBA90023BEE2 /* Meal.swift in Sources */,
				8274C8D72C2B4E0200E64FE6 /* SettingsViewModel.swift in Sources */,
				821C7BC52C21D5300023BEE2 /* UserViewController.swift in Sources */,
				821C7BE02C21EA690023BEE2 /* UserViewModel.swift in Sources */,
				821C7C032C237B740023BEE2 /* News.swift in Sources */,
				821C7C052C237B8B0023BEE2 /* NewsViewModel.swift in Sources */,
				821C7C0F2C23EC500023BEE2 /* MealTableViewCell.swift in Sources */,
				82FDE03B2C2A987D0036A372 /* SettingsDelegate.swift in Sources */,
				821C7C072C237BBE0023BEE2 /* NewsTableViewCell.swift in Sources */,
				821C7BEC2C21F4460023BEE2 /* Person.swift in Sources */,
				821C7BF52C23322E0023BEE2 /* VideoViewController.swift in Sources */,
				821C7BC12C21D5300023BEE2 /* AppDelegate.swift in Sources */,
				82FDE02A2C2A8E410036A372 /* MockAPIManager.swift in Sources */,
				821C7BF72C2342E30023BEE2 /* DataPassDelegate.swift in Sources */,
				821C7BEE2C21F7900023BEE2 /* PersonTableViewCell.swift in Sources */,
				821C7BEA2C21F4160023BEE2 /* PersonViewController.swift in Sources */,
				821C7C112C25D8A30023BEE2 /* MealTableViewCellDelegate.swift in Sources */,
				821C7BC32C21D5300023BEE2 /* SceneDelegate.swift in Sources */,
				821C7C0D2C23EC2C0023BEE2 /* MealViewController.swift in Sources */,
				821C7C0B2C23EBC20023BEE2 /* MealViewModel.swift in Sources */,
				82FDE0282C2A68A10036A372 /* SettingsViewController.swift in Sources */,
				821C7BE42C21EC3C0023BEE2 /* UserTableViewCell.swift in Sources */,
				821C7BFB2C23459A0023BEE2 /* Video.swift in Sources */,
				821C7C012C2379060023BEE2 /* NewsViewController.swift in Sources */,
				821C7BDE2C21E9AB0023BEE2 /* User.swift in Sources */,
				821C7BDC2C21E9910023BEE2 /* Constants.swift in Sources */,
			);
			runOnlyForDeploymentPostprocessing = 0;
		};
		82FDE02D2C2A91B90036A372 /* Sources */ = {
			isa = PBXSourcesBuildPhase;
			buildActionMask = 2147483647;
			files = (
				82FDE0342C2A91B90036A372 /* UserViewModelTests.swift in Sources */,
				8274C9282C2BD2A000E64FE6 /* MealViewModelTests.swift in Sources */,
				8274C9222C2BA1F400E64FE6 /* PersonViewModelTests.swift in Sources */,
				8274C9242C2BA45F00E64FE6 /* VideoViewModelTests.swift in Sources */,
				8274C9262C2BD16A00E64FE6 /* NewsViewModelTests.swift in Sources */,
			);
			runOnlyForDeploymentPostprocessing = 0;
		};
/* End PBXSourcesBuildPhase section */

/* Begin PBXTargetDependency section */
		82FDE0362C2A91B90036A372 /* PBXTargetDependency */ = {
			isa = PBXTargetDependency;
			target = 821C7BBC2C21D5300023BEE2 /* FoodApp */;
			targetProxy = 82FDE0352C2A91B90036A372 /* PBXContainerItemProxy */;
		};
/* End PBXTargetDependency section */

/* Begin PBXVariantGroup section */
		821C7BC62C21D5300023BEE2 /* Main.storyboard */ = {
			isa = PBXVariantGroup;
			children = (
				821C7BC72C21D5300023BEE2 /* Base */,
			);
			name = Main.storyboard;
			sourceTree = "<group>";
		};
		821C7BCB2C21D5320023BEE2 /* LaunchScreen.storyboard */ = {
			isa = PBXVariantGroup;
			children = (
				821C7BCC2C21D5320023BEE2 /* Base */,
			);
			name = LaunchScreen.storyboard;
			sourceTree = "<group>";
		};
/* End PBXVariantGroup section */

/* Begin XCBuildConfiguration section */
		821C7BCF2C21D5320023BEE2 /* Debug */ = {
			isa = XCBuildConfiguration;
			buildSettings = {
				ALWAYS_SEARCH_USER_PATHS = NO;
				ASSETCATALOG_COMPILER_GENERATE_SWIFT_ASSET_SYMBOL_EXTENSIONS = YES;
				CLANG_ANALYZER_NONNULL = YES;
				CLANG_ANALYZER_NUMBER_OBJECT_CONVERSION = YES_AGGRESSIVE;
				CLANG_CXX_LANGUAGE_STANDARD = "gnu++20";
				CLANG_ENABLE_MODULES = YES;
				CLANG_ENABLE_OBJC_ARC = YES;
				CLANG_ENABLE_OBJC_WEAK = YES;
				CLANG_WARN_BLOCK_CAPTURE_AUTORELEASING = YES;
				CLANG_WARN_BOOL_CONVERSION = YES;
				CLANG_WARN_COMMA = YES;
				CLANG_WARN_CONSTANT_CONVERSION = YES;
				CLANG_WARN_DEPRECATED_OBJC_IMPLEMENTATIONS = YES;
				CLANG_WARN_DIRECT_OBJC_ISA_USAGE = YES_ERROR;
				CLANG_WARN_DOCUMENTATION_COMMENTS = YES;
				CLANG_WARN_EMPTY_BODY = YES;
				CLANG_WARN_ENUM_CONVERSION = YES;
				CLANG_WARN_INFINITE_RECURSION = YES;
				CLANG_WARN_INT_CONVERSION = YES;
				CLANG_WARN_NON_LITERAL_NULL_CONVERSION = YES;
				CLANG_WARN_OBJC_IMPLICIT_RETAIN_SELF = YES;
				CLANG_WARN_OBJC_LITERAL_CONVERSION = YES;
				CLANG_WARN_OBJC_ROOT_CLASS = YES_ERROR;
				CLANG_WARN_QUOTED_INCLUDE_IN_FRAMEWORK_HEADER = YES;
				CLANG_WARN_RANGE_LOOP_ANALYSIS = YES;
				CLANG_WARN_STRICT_PROTOTYPES = YES;
				CLANG_WARN_SUSPICIOUS_MOVE = YES;
				CLANG_WARN_UNGUARDED_AVAILABILITY = YES_AGGRESSIVE;
				CLANG_WARN_UNREACHABLE_CODE = YES;
				CLANG_WARN__DUPLICATE_METHOD_MATCH = YES;
				COPY_PHASE_STRIP = NO;
				DEBUG_INFORMATION_FORMAT = dwarf;
				ENABLE_STRICT_OBJC_MSGSEND = YES;
				ENABLE_TESTABILITY = YES;
				ENABLE_USER_SCRIPT_SANDBOXING = YES;
				GCC_C_LANGUAGE_STANDARD = gnu17;
				GCC_DYNAMIC_NO_PIC = NO;
				GCC_NO_COMMON_BLOCKS = YES;
				GCC_OPTIMIZATION_LEVEL = 0;
				GCC_PREPROCESSOR_DEFINITIONS = (
					"DEBUG=1",
					"$(inherited)",
				);
				GCC_WARN_64_TO_32_BIT_CONVERSION = YES;
				GCC_WARN_ABOUT_RETURN_TYPE = YES_ERROR;
				GCC_WARN_UNDECLARED_SELECTOR = YES;
				GCC_WARN_UNINITIALIZED_AUTOS = YES_AGGRESSIVE;
				GCC_WARN_UNUSED_FUNCTION = YES;
				GCC_WARN_UNUSED_VARIABLE = YES;
				IPHONEOS_DEPLOYMENT_TARGET = 17.5;
				LOCALIZATION_PREFERS_STRING_CATALOGS = YES;
				MTL_ENABLE_DEBUG_INFO = INCLUDE_SOURCE;
				MTL_FAST_MATH = YES;
				ONLY_ACTIVE_ARCH = YES;
				SDKROOT = iphoneos;
				SWIFT_ACTIVE_COMPILATION_CONDITIONS = "DEBUG $(inherited)";
				SWIFT_OPTIMIZATION_LEVEL = "-Onone";
			};
			name = Debug;
		};
		821C7BD02C21D5320023BEE2 /* Release */ = {
			isa = XCBuildConfiguration;
			buildSettings = {
				ALWAYS_SEARCH_USER_PATHS = NO;
				ASSETCATALOG_COMPILER_GENERATE_SWIFT_ASSET_SYMBOL_EXTENSIONS = YES;
				CLANG_ANALYZER_NONNULL = YES;
				CLANG_ANALYZER_NUMBER_OBJECT_CONVERSION = YES_AGGRESSIVE;
				CLANG_CXX_LANGUAGE_STANDARD = "gnu++20";
				CLANG_ENABLE_MODULES = YES;
				CLANG_ENABLE_OBJC_ARC = YES;
				CLANG_ENABLE_OBJC_WEAK = YES;
				CLANG_WARN_BLOCK_CAPTURE_AUTORELEASING = YES;
				CLANG_WARN_BOOL_CONVERSION = YES;
				CLANG_WARN_COMMA = YES;
				CLANG_WARN_CONSTANT_CONVERSION = YES;
				CLANG_WARN_DEPRECATED_OBJC_IMPLEMENTATIONS = YES;
				CLANG_WARN_DIRECT_OBJC_ISA_USAGE = YES_ERROR;
				CLANG_WARN_DOCUMENTATION_COMMENTS = YES;
				CLANG_WARN_EMPTY_BODY = YES;
				CLANG_WARN_ENUM_CONVERSION = YES;
				CLANG_WARN_INFINITE_RECURSION = YES;
				CLANG_WARN_INT_CONVERSION = YES;
				CLANG_WARN_NON_LITERAL_NULL_CONVERSION = YES;
				CLANG_WARN_OBJC_IMPLICIT_RETAIN_SELF = YES;
				CLANG_WARN_OBJC_LITERAL_CONVERSION = YES;
				CLANG_WARN_OBJC_ROOT_CLASS = YES_ERROR;
				CLANG_WARN_QUOTED_INCLUDE_IN_FRAMEWORK_HEADER = YES;
				CLANG_WARN_RANGE_LOOP_ANALYSIS = YES;
				CLANG_WARN_STRICT_PROTOTYPES = YES;
				CLANG_WARN_SUSPICIOUS_MOVE = YES;
				CLANG_WARN_UNGUARDED_AVAILABILITY = YES_AGGRESSIVE;
				CLANG_WARN_UNREACHABLE_CODE = YES;
				CLANG_WARN__DUPLICATE_METHOD_MATCH = YES;
				COPY_PHASE_STRIP = NO;
				DEBUG_INFORMATION_FORMAT = "dwarf-with-dsym";
				ENABLE_NS_ASSERTIONS = NO;
				ENABLE_STRICT_OBJC_MSGSEND = YES;
				ENABLE_USER_SCRIPT_SANDBOXING = YES;
				GCC_C_LANGUAGE_STANDARD = gnu17;
				GCC_NO_COMMON_BLOCKS = YES;
				GCC_WARN_64_TO_32_BIT_CONVERSION = YES;
				GCC_WARN_ABOUT_RETURN_TYPE = YES_ERROR;
				GCC_WARN_UNDECLARED_SELECTOR = YES;
				GCC_WARN_UNINITIALIZED_AUTOS = YES_AGGRESSIVE;
				GCC_WARN_UNUSED_FUNCTION = YES;
				GCC_WARN_UNUSED_VARIABLE = YES;
				IPHONEOS_DEPLOYMENT_TARGET = 17.5;
				LOCALIZATION_PREFERS_STRING_CATALOGS = YES;
				MTL_ENABLE_DEBUG_INFO = NO;
				MTL_FAST_MATH = YES;
				SDKROOT = iphoneos;
				SWIFT_COMPILATION_MODE = wholemodule;
				VALIDATE_PRODUCT = YES;
			};
			name = Release;
		};
		821C7BD22C21D5320023BEE2 /* Debug */ = {
			isa = XCBuildConfiguration;
			buildSettings = {
				ASSETCATALOG_COMPILER_APPICON_NAME = AppIcon;
				ASSETCATALOG_COMPILER_GLOBAL_ACCENT_COLOR_NAME = AccentColor;
				CODE_SIGN_STYLE = Automatic;
				CURRENT_PROJECT_VERSION = 1;
				GENERATE_INFOPLIST_FILE = YES;
				INFOPLIST_FILE = FoodApp/Info.plist;
				INFOPLIST_KEY_UIApplicationSupportsIndirectInputEvents = YES;
				INFOPLIST_KEY_UILaunchStoryboardName = LaunchScreen;
				INFOPLIST_KEY_UIMainStoryboardFile = Main;
				INFOPLIST_KEY_UISupportedInterfaceOrientations_iPad = "UIInterfaceOrientationPortrait UIInterfaceOrientationPortraitUpsideDown UIInterfaceOrientationLandscapeLeft UIInterfaceOrientationLandscapeRight";
				INFOPLIST_KEY_UISupportedInterfaceOrientations_iPhone = "UIInterfaceOrientationPortrait UIInterfaceOrientationLandscapeLeft UIInterfaceOrientationLandscapeRight";
				LD_RUNPATH_SEARCH_PATHS = (
					"$(inherited)",
					"@executable_path/Frameworks",
				);
				MARKETING_VERSION = 1.0;
				PRODUCT_BUNDLE_IDENTIFIER = com.chinmay.development.FoodApp;
				PRODUCT_NAME = "$(TARGET_NAME)";
				SWIFT_EMIT_LOC_STRINGS = YES;
				SWIFT_VERSION = 5.0;
				TARGETED_DEVICE_FAMILY = "1,2";
			};
			name = Debug;
		};
		821C7BD32C21D5320023BEE2 /* Release */ = {
			isa = XCBuildConfiguration;
			buildSettings = {
				ASSETCATALOG_COMPILER_APPICON_NAME = AppIcon;
				ASSETCATALOG_COMPILER_GLOBAL_ACCENT_COLOR_NAME = AccentColor;
				CODE_SIGN_STYLE = Automatic;
				CURRENT_PROJECT_VERSION = 1;
				GENERATE_INFOPLIST_FILE = YES;
				INFOPLIST_FILE = FoodApp/Info.plist;
				INFOPLIST_KEY_UIApplicationSupportsIndirectInputEvents = YES;
				INFOPLIST_KEY_UILaunchStoryboardName = LaunchScreen;
				INFOPLIST_KEY_UIMainStoryboardFile = Main;
				INFOPLIST_KEY_UISupportedInterfaceOrientations_iPad = "UIInterfaceOrientationPortrait UIInterfaceOrientationPortraitUpsideDown UIInterfaceOrientationLandscapeLeft UIInterfaceOrientationLandscapeRight";
				INFOPLIST_KEY_UISupportedInterfaceOrientations_iPhone = "UIInterfaceOrientationPortrait UIInterfaceOrientationLandscapeLeft UIInterfaceOrientationLandscapeRight";
				LD_RUNPATH_SEARCH_PATHS = (
					"$(inherited)",
					"@executable_path/Frameworks",
				);
				MARKETING_VERSION = 1.0;
				PRODUCT_BUNDLE_IDENTIFIER = com.chinmay.development.FoodApp;
				PRODUCT_NAME = "$(TARGET_NAME)";
				SWIFT_EMIT_LOC_STRINGS = YES;
				SWIFT_VERSION = 5.0;
				TARGETED_DEVICE_FAMILY = "1,2";
			};
			name = Release;
		};
		82FDE0382C2A91B90036A372 /* Debug */ = {
			isa = XCBuildConfiguration;
			buildSettings = {
				BUNDLE_LOADER = "$(TEST_HOST)";
				CODE_SIGN_STYLE = Automatic;
				CURRENT_PROJECT_VERSION = 1;
				GENERATE_INFOPLIST_FILE = YES;
				MARKETING_VERSION = 1.0;
				PRODUCT_BUNDLE_IDENTIFIER = com.chinmay.development.FoodAppTests;
				PRODUCT_NAME = "$(TARGET_NAME)";
				SWIFT_EMIT_LOC_STRINGS = NO;
				SWIFT_VERSION = 5.0;
				TARGETED_DEVICE_FAMILY = "1,2";
				TEST_HOST = "$(BUILT_PRODUCTS_DIR)/FoodApp.app/$(BUNDLE_EXECUTABLE_FOLDER_PATH)/FoodApp";
			};
			name = Debug;
		};
		82FDE0392C2A91B90036A372 /* Release */ = {
			isa = XCBuildConfiguration;
			buildSettings = {
				BUNDLE_LOADER = "$(TEST_HOST)";
				CODE_SIGN_STYLE = Automatic;
				CURRENT_PROJECT_VERSION = 1;
				GENERATE_INFOPLIST_FILE = YES;
				MARKETING_VERSION = 1.0;
				PRODUCT_BUNDLE_IDENTIFIER = com.chinmay.development.FoodAppTests;
				PRODUCT_NAME = "$(TARGET_NAME)";
				SWIFT_EMIT_LOC_STRINGS = NO;
				SWIFT_VERSION = 5.0;
				TARGETED_DEVICE_FAMILY = "1,2";
				TEST_HOST = "$(BUILT_PRODUCTS_DIR)/FoodApp.app/$(BUNDLE_EXECUTABLE_FOLDER_PATH)/FoodApp";
			};
			name = Release;
		};
/* End XCBuildConfiguration section */

/* Begin XCConfigurationList section */
		821C7BB82C21D5300023BEE2 /* Build configuration list for PBXProject "FoodApp" */ = {
			isa = XCConfigurationList;
			buildConfigurations = (
				821C7BCF2C21D5320023BEE2 /* Debug */,
				821C7BD02C21D5320023BEE2 /* Release */,
			);
			defaultConfigurationIsVisible = 0;
			defaultConfigurationName = Release;
		};
		821C7BD12C21D5320023BEE2 /* Build configuration list for PBXNativeTarget "FoodApp" */ = {
			isa = XCConfigurationList;
			buildConfigurations = (
				821C7BD22C21D5320023BEE2 /* Debug */,
				821C7BD32C21D5320023BEE2 /* Release */,
			);
			defaultConfigurationIsVisible = 0;
			defaultConfigurationName = Release;
		};
		82FDE0372C2A91B90036A372 /* Build configuration list for PBXNativeTarget "FoodAppTests" */ = {
			isa = XCConfigurationList;
			buildConfigurations = (
				82FDE0382C2A91B90036A372 /* Debug */,
				82FDE0392C2A91B90036A372 /* Release */,
			);
			defaultConfigurationIsVisible = 0;
			defaultConfigurationName = Release;
		};
/* End XCConfigurationList section */
	};
	rootObject = 821C7BB52C21D5300023BEE2 /* Project object */;
}
