// !$*UTF8*$!
{
	archiveVersion = 1;
	classes = {
	};
	objectVersion = 56;
	objects = {

/* Begin PBXBuildFile section */
		828B098C2C16DD83006D2554 /* AppDelegate.swift in Sources */ = {isa = PBXBuildFile; fileRef = 828B098B2C16DD83006D2554 /* AppDelegate.swift */; };
		828B098E2C16DD83006D2554 /* SceneDelegate.swift in Sources */ = {isa = PBXBuildFile; fileRef = 828B098D2C16DD83006D2554 /* SceneDelegate.swift */; };
		828B09902C16DD83006D2554 /* AllItemsViewController.swift in Sources */ = {isa = PBXBuildFile; fileRef = 828B098F2C16DD83006D2554 /* AllItemsViewController.swift */; };
		828B09932C16DD83006D2554 /* Base in Resources */ = {isa = PBXBuildFile; fileRef = 828B09922C16DD83006D2554 /* Base */; };
		828B09952C16DD84006D2554 /* Assets.xcassets in Resources */ = {isa = PBXBuildFile; fileRef = 828B09942C16DD84006D2554 /* Assets.xcassets */; };
		828B09982C16DD84006D2554 /* Base in Resources */ = {isa = PBXBuildFile; fileRef = 828B09972C16DD84006D2554 /* Base */; };
		828B09A42C16EC15006D2554 /* IconViewController.swift in Sources */ = {isa = PBXBuildFile; fileRef = 828B09A32C16EC15006D2554 /* IconViewController.swift */; };
		828B09A62C16EF45006D2554 /* AddToDoViewController.swift in Sources */ = {isa = PBXBuildFile; fileRef = 828B09A52C16EF45006D2554 /* AddToDoViewController.swift */; };
		828B09A82C16EFA2006D2554 /* AllSubItemsViewController.swift in Sources */ = {isa = PBXBuildFile; fileRef = 828B09A72C16EFA2006D2554 /* AllSubItemsViewController.swift */; };
		828B09AA2C16EFAE006D2554 /* AddSubItemsViewController.swift in Sources */ = {isa = PBXBuildFile; fileRef = 828B09A92C16EFAE006D2554 /* AddSubItemsViewController.swift */; };
		828B09AC2C16F001006D2554 /* TodoListViewCell.swift in Sources */ = {isa = PBXBuildFile; fileRef = 828B09AB2C16F001006D2554 /* TodoListViewCell.swift */; };
		828B09AE2C16F066006D2554 /* IconListViewCell.swift in Sources */ = {isa = PBXBuildFile; fileRef = 828B09AD2C16F066006D2554 /* IconListViewCell.swift */; };
		828B09B02C16F077006D2554 /* SubItemsListViewCell.swift in Sources */ = {isa = PBXBuildFile; fileRef = 828B09AF2C16F077006D2554 /* SubItemsListViewCell.swift */; };
		828B09B22C16F0B8006D2554 /* TodoList.swift in Sources */ = {isa = PBXBuildFile; fileRef = 828B09B12C16F0B8006D2554 /* TodoList.swift */; };
		828B09B52C16F99C006D2554 /* TodoIconProtocol.swift in Sources */ = {isa = PBXBuildFile; fileRef = 828B09B42C16F99C006D2554 /* TodoIconProtocol.swift */; };
		828B09B72C16F9B8006D2554 /* AddTodoProtocol.swift in Sources */ = {isa = PBXBuildFile; fileRef = 828B09B62C16F9B8006D2554 /* AddTodoProtocol.swift */; };
		828B09B92C16F9CF006D2554 /* AddSubItemProtocol.swift in Sources */ = {isa = PBXBuildFile; fileRef = 828B09B82C16F9CF006D2554 /* AddSubItemProtocol.swift */; };
		828B09BB2C16F9E5006D2554 /* UpdateTodoProtocol.swift in Sources */ = {isa = PBXBuildFile; fileRef = 828B09BA2C16F9E5006D2554 /* UpdateTodoProtocol.swift */; };
/* End PBXBuildFile section */

/* Begin PBXFileReference section */
		828B09882C16DD83006D2554 /* ToDoAppLists.app */ = {isa = PBXFileReference; explicitFileType = wrapper.application; includeInIndex = 0; path = ToDoAppLists.app; sourceTree = BUILT_PRODUCTS_DIR; };
		828B098B2C16DD83006D2554 /* AppDelegate.swift */ = {isa = PBXFileReference; lastKnownFileType = sourcecode.swift; path = AppDelegate.swift; sourceTree = "<group>"; };
		828B098D2C16DD83006D2554 /* SceneDelegate.swift */ = {isa = PBXFileReference; lastKnownFileType = sourcecode.swift; path = SceneDelegate.swift; sourceTree = "<group>"; };
		828B098F2C16DD83006D2554 /* AllItemsViewController.swift */ = {isa = PBXFileReference; lastKnownFileType = sourcecode.swift; path = AllItemsViewController.swift; sourceTree = "<group>"; };
		828B09922C16DD83006D2554 /* Base */ = {isa = PBXFileReference; lastKnownFileType = file.storyboard; name = Base; path = Base.lproj/Main.storyboard; sourceTree = "<group>"; };
		828B09942C16DD84006D2554 /* Assets.xcassets */ = {isa = PBXFileReference; lastKnownFileType = folder.assetcatalog; path = Assets.xcassets; sourceTree = "<group>"; };
		828B09972C16DD84006D2554 /* Base */ = {isa = PBXFileReference; lastKnownFileType = file.storyboard; name = Base; path = Base.lproj/LaunchScreen.storyboard; sourceTree = "<group>"; };
		828B09992C16DD84006D2554 /* Info.plist */ = {isa = PBXFileReference; lastKnownFileType = text.plist.xml; path = Info.plist; sourceTree = "<group>"; };
		828B09A32C16EC15006D2554 /* IconViewController.swift */ = {isa = PBXFileReference; lastKnownFileType = sourcecode.swift; path = IconViewController.swift; sourceTree = "<group>"; };
		828B09A52C16EF45006D2554 /* AddToDoViewController.swift */ = {isa = PBXFileReference; lastKnownFileType = sourcecode.swift; path = AddToDoViewController.swift; sourceTree = "<group>"; };
		828B09A72C16EFA2006D2554 /* AllSubItemsViewController.swift */ = {isa = PBXFileReference; lastKnownFileType = sourcecode.swift; path = AllSubItemsViewController.swift; sourceTree = "<group>"; };
		828B09A92C16EFAE006D2554 /* AddSubItemsViewController.swift */ = {isa = PBXFileReference; lastKnownFileType = sourcecode.swift; path = AddSubItemsViewController.swift; sourceTree = "<group>"; };
		828B09AB2C16F001006D2554 /* TodoListViewCell.swift */ = {isa = PBXFileReference; lastKnownFileType = sourcecode.swift; path = TodoListViewCell.swift; sourceTree = "<group>"; };
		828B09AD2C16F066006D2554 /* IconListViewCell.swift */ = {isa = PBXFileReference; lastKnownFileType = sourcecode.swift; path = IconListViewCell.swift; sourceTree = "<group>"; };
		828B09AF2C16F077006D2554 /* SubItemsListViewCell.swift */ = {isa = PBXFileReference; lastKnownFileType = sourcecode.swift; path = SubItemsListViewCell.swift; sourceTree = "<group>"; };
		828B09B12C16F0B8006D2554 /* TodoList.swift */ = {isa = PBXFileReference; lastKnownFileType = sourcecode.swift; path = TodoList.swift; sourceTree = "<group>"; };
		828B09B42C16F99C006D2554 /* TodoIconProtocol.swift */ = {isa = PBXFileReference; lastKnownFileType = sourcecode.swift; path = TodoIconProtocol.swift; sourceTree = "<group>"; };
		828B09B62C16F9B8006D2554 /* AddTodoProtocol.swift */ = {isa = PBXFileReference; lastKnownFileType = sourcecode.swift; path = AddTodoProtocol.swift; sourceTree = "<group>"; };
		828B09B82C16F9CF006D2554 /* AddSubItemProtocol.swift */ = {isa = PBXFileReference; lastKnownFileType = sourcecode.swift; path = AddSubItemProtocol.swift; sourceTree = "<group>"; };
		828B09BA2C16F9E5006D2554 /* UpdateTodoProtocol.swift */ = {isa = PBXFileReference; lastKnownFileType = sourcecode.swift; path = UpdateTodoProtocol.swift; sourceTree = "<group>"; };
/* End PBXFileReference section */

/* Begin PBXFrameworksBuildPhase section */
		828B09852C16DD83006D2554 /* Frameworks */ = {
			isa = PBXFrameworksBuildPhase;
			buildActionMask = 2147483647;
			files = (
			);
			runOnlyForDeploymentPostprocessing = 0;
		};
/* End PBXFrameworksBuildPhase section */

/* Begin PBXGroup section */
		828B097F2C16DD83006D2554 = {
			isa = PBXGroup;
			children = (
				828B098A2C16DD83006D2554 /* ToDoAppLists */,
				828B09892C16DD83006D2554 /* Products */,
			);
			sourceTree = "<group>";
		};
		828B09892C16DD83006D2554 /* Products */ = {
			isa = PBXGroup;
			children = (
				828B09882C16DD83006D2554 /* ToDoAppLists.app */,
			);
			name = Products;
			sourceTree = "<group>";
		};
		828B098A2C16DD83006D2554 /* ToDoAppLists */ = {
			isa = PBXGroup;
			children = (
				828B09B32C16F978006D2554 /* Protocols */,
				828B09A22C16E9EA006D2554 /* Controller */,
				828B09A12C16E9E3006D2554 /* View */,
				828B099F2C16E9CF006D2554 /* Model */,
				828B098B2C16DD83006D2554 /* AppDelegate.swift */,
				828B098D2C16DD83006D2554 /* SceneDelegate.swift */,
				828B09912C16DD83006D2554 /* Main.storyboard */,
				828B09942C16DD84006D2554 /* Assets.xcassets */,
				828B09962C16DD84006D2554 /* LaunchScreen.storyboard */,
				828B09992C16DD84006D2554 /* Info.plist */,
			);
			path = ToDoAppLists;
			sourceTree = "<group>";
		};
		828B099F2C16E9CF006D2554 /* Model */ = {
			isa = PBXGroup;
			children = (
				828B09B12C16F0B8006D2554 /* TodoList.swift */,
			);
			path = Model;
			sourceTree = "<group>";
		};
		828B09A12C16E9E3006D2554 /* View */ = {
			isa = PBXGroup;
			children = (
				828B09AB2C16F001006D2554 /* TodoListViewCell.swift */,
				828B09AD2C16F066006D2554 /* IconListViewCell.swift */,
				828B09AF2C16F077006D2554 /* SubItemsListViewCell.swift */,
			);
			path = View;
			sourceTree = "<group>";
		};
		828B09A22C16E9EA006D2554 /* Controller */ = {
			isa = PBXGroup;
			children = (
				828B098F2C16DD83006D2554 /* AllItemsViewController.swift */,
				828B09A52C16EF45006D2554 /* AddToDoViewController.swift */,
				828B09A32C16EC15006D2554 /* IconViewController.swift */,
				828B09A72C16EFA2006D2554 /* AllSubItemsViewController.swift */,
				828B09A92C16EFAE006D2554 /* AddSubItemsViewController.swift */,
			);
			path = Controller;
			sourceTree = "<group>";
		};
		828B09B32C16F978006D2554 /* Protocols */ = {
			isa = PBXGroup;
			children = (
				828B09B42C16F99C006D2554 /* TodoIconProtocol.swift */,
				828B09B62C16F9B8006D2554 /* AddTodoProtocol.swift */,
				828B09B82C16F9CF006D2554 /* AddSubItemProtocol.swift */,
				828B09BA2C16F9E5006D2554 /* UpdateTodoProtocol.swift */,
			);
			path = Protocols;
			sourceTree = "<group>";
		};
/* End PBXGroup section */

/* Begin PBXNativeTarget section */
		828B09872C16DD83006D2554 /* ToDoAppLists */ = {
			isa = PBXNativeTarget;
			buildConfigurationList = 828B099C2C16DD84006D2554 /* Build configuration list for PBXNativeTarget "ToDoAppLists" */;
			buildPhases = (
				828B09842C16DD83006D2554 /* Sources */,
				828B09852C16DD83006D2554 /* Frameworks */,
				828B09862C16DD83006D2554 /* Resources */,
			);
			buildRules = (
			);
			dependencies = (
			);
			name = ToDoAppLists;
			productName = ToDoAppLists;
			productReference = 828B09882C16DD83006D2554 /* ToDoAppLists.app */;
			productType = "com.apple.product-type.application";
		};
/* End PBXNativeTarget section */

/* Begin PBXProject section */
		828B09802C16DD83006D2554 /* Project object */ = {
			isa = PBXProject;
			attributes = {
				BuildIndependentTargetsInParallel = 1;
				LastSwiftUpdateCheck = 1540;
				LastUpgradeCheck = 1540;
				TargetAttributes = {
					828B09872C16DD83006D2554 = {
						CreatedOnToolsVersion = 15.4;
					};
				};
			};
			buildConfigurationList = 828B09832C16DD83006D2554 /* Build configuration list for PBXProject "ToDoAppLists" */;
			compatibilityVersion = "Xcode 14.0";
			developmentRegion = en;
			hasScannedForEncodings = 0;
			knownRegions = (
				en,
				Base,
			);
			mainGroup = 828B097F2C16DD83006D2554;
			productRefGroup = 828B09892C16DD83006D2554 /* Products */;
			projectDirPath = "";
			projectRoot = "";
			targets = (
				828B09872C16DD83006D2554 /* ToDoAppLists */,
			);
		};
/* End PBXProject section */

/* Begin PBXResourcesBuildPhase section */
		828B09862C16DD83006D2554 /* Resources */ = {
			isa = PBXResourcesBuildPhase;
			buildActionMask = 2147483647;
			files = (
				828B09952C16DD84006D2554 /* Assets.xcassets in Resources */,
				828B09982C16DD84006D2554 /* Base in Resources */,
				828B09932C16DD83006D2554 /* Base in Resources */,
			);
			runOnlyForDeploymentPostprocessing = 0;
		};
/* End PBXResourcesBuildPhase section */

/* Begin PBXSourcesBuildPhase section */
		828B09842C16DD83006D2554 /* Sources */ = {
			isa = PBXSourcesBuildPhase;
			buildActionMask = 2147483647;
			files = (
				828B09902C16DD83006D2554 /* AllItemsViewController.swift in Sources */,
				828B09B92C16F9CF006D2554 /* AddSubItemProtocol.swift in Sources */,
				828B09B22C16F0B8006D2554 /* TodoList.swift in Sources */,
				828B09B72C16F9B8006D2554 /* AddTodoProtocol.swift in Sources */,
				828B09B52C16F99C006D2554 /* TodoIconProtocol.swift in Sources */,
				828B098C2C16DD83006D2554 /* AppDelegate.swift in Sources */,
				828B09B02C16F077006D2554 /* SubItemsListViewCell.swift in Sources */,
				828B09A82C16EFA2006D2554 /* AllSubItemsViewController.swift in Sources */,
				828B09BB2C16F9E5006D2554 /* UpdateTodoProtocol.swift in Sources */,
				828B09AE2C16F066006D2554 /* IconListViewCell.swift in Sources */,
				828B09A62C16EF45006D2554 /* AddToDoViewController.swift in Sources */,
				828B098E2C16DD83006D2554 /* SceneDelegate.swift in Sources */,
				828B09AA2C16EFAE006D2554 /* AddSubItemsViewController.swift in Sources */,
				828B09AC2C16F001006D2554 /* TodoListViewCell.swift in Sources */,
				828B09A42C16EC15006D2554 /* IconViewController.swift in Sources */,
			);
			runOnlyForDeploymentPostprocessing = 0;
		};
/* End PBXSourcesBuildPhase section */

/* Begin PBXVariantGroup section */
		828B09912C16DD83006D2554 /* Main.storyboard */ = {
			isa = PBXVariantGroup;
			children = (
				828B09922C16DD83006D2554 /* Base */,
			);
			name = Main.storyboard;
			sourceTree = "<group>";
		};
		828B09962C16DD84006D2554 /* LaunchScreen.storyboard */ = {
			isa = PBXVariantGroup;
			children = (
				828B09972C16DD84006D2554 /* Base */,
			);
			name = LaunchScreen.storyboard;
			sourceTree = "<group>";
		};
/* End PBXVariantGroup section */

/* Begin XCBuildConfiguration section */
		828B099A2C16DD84006D2554 /* Debug */ = {
			isa = XCBuildConfiguration;
			buildSettings = {
				ALWAYS_SEARCH_USER_PATHS = NO;
				ASSETCATALOG_COMPILER_GENERATE_SWIFT_ASSET_SYMBOL_EXTENSIONS = YES;
				CLANG_ANALYZER_NONNULL = YES;
				CLANG_ANALYZER_NUMBER_OBJECT_CONVERSION = YES_AGGRESSIVE;
				CLANG_CXX_LANGUAGE_STANDARD = "gnu++20";
				CLANG_ENABLE_MODULES = YES;
				CLANG_ENABLE_OBJC_ARC = YES;
				CLANG_ENABLE_OBJC_WEAK = YES;
				CLANG_WARN_BLOCK_CAPTURE_AUTORELEASING = YES;
				CLANG_WARN_BOOL_CONVERSION = YES;
				CLANG_WARN_COMMA = YES;
				CLANG_WARN_CONSTANT_CONVERSION = YES;
				CLANG_WARN_DEPRECATED_OBJC_IMPLEMENTATIONS = YES;
				CLANG_WARN_DIRECT_OBJC_ISA_USAGE = YES_ERROR;
				CLANG_WARN_DOCUMENTATION_COMMENTS = YES;
				CLANG_WARN_EMPTY_BODY = YES;
				CLANG_WARN_ENUM_CONVERSION = YES;
				CLANG_WARN_INFINITE_RECURSION = YES;
				CLANG_WARN_INT_CONVERSION = YES;
				CLANG_WARN_NON_LITERAL_NULL_CONVERSION = YES;
				CLANG_WARN_OBJC_IMPLICIT_RETAIN_SELF = YES;
				CLANG_WARN_OBJC_LITERAL_CONVERSION = YES;
				CLANG_WARN_OBJC_ROOT_CLASS = YES_ERROR;
				CLANG_WARN_QUOTED_INCLUDE_IN_FRAMEWORK_HEADER = YES;
				CLANG_WARN_RANGE_LOOP_ANALYSIS = YES;
				CLANG_WARN_STRICT_PROTOTYPES = YES;
				CLANG_WARN_SUSPICIOUS_MOVE = YES;
				CLANG_WARN_UNGUARDED_AVAILABILITY = YES_AGGRESSIVE;
				CLANG_WARN_UNREACHABLE_CODE = YES;
				CLANG_WARN__DUPLICATE_METHOD_MATCH = YES;
				COPY_PHASE_STRIP = NO;
				DEBUG_INFORMATION_FORMAT = dwarf;
				ENABLE_STRICT_OBJC_MSGSEND = YES;
				ENABLE_TESTABILITY = YES;
				ENABLE_USER_SCRIPT_SANDBOXING = YES;
				GCC_C_LANGUAGE_STANDARD = gnu17;
				GCC_DYNAMIC_NO_PIC = NO;
				GCC_NO_COMMON_BLOCKS = YES;
				GCC_OPTIMIZATION_LEVEL = 0;
				GCC_PREPROCESSOR_DEFINITIONS = (
					"DEBUG=1",
					"$(inherited)",
				);
				GCC_WARN_64_TO_32_BIT_CONVERSION = YES;
				GCC_WARN_ABOUT_RETURN_TYPE = YES_ERROR;
				GCC_WARN_UNDECLARED_SELECTOR = YES;
				GCC_WARN_UNINITIALIZED_AUTOS = YES_AGGRESSIVE;
				GCC_WARN_UNUSED_FUNCTION = YES;
				GCC_WARN_UNUSED_VARIABLE = YES;
				IPHONEOS_DEPLOYMENT_TARGET = 17.5;
				LOCALIZATION_PREFERS_STRING_CATALOGS = YES;
				MTL_ENABLE_DEBUG_INFO = INCLUDE_SOURCE;
				MTL_FAST_MATH = YES;
				ONLY_ACTIVE_ARCH = YES;
				SDKROOT = iphoneos;
				SWIFT_ACTIVE_COMPILATION_CONDITIONS = "DEBUG $(inherited)";
				SWIFT_OPTIMIZATION_LEVEL = "-Onone";
			};
			name = Debug;
		};
		828B099B2C16DD84006D2554 /* Release */ = {
			isa = XCBuildConfiguration;
			buildSettings = {
				ALWAYS_SEARCH_USER_PATHS = NO;
				ASSETCATALOG_COMPILER_GENERATE_SWIFT_ASSET_SYMBOL_EXTENSIONS = YES;
				CLANG_ANALYZER_NONNULL = YES;
				CLANG_ANALYZER_NUMBER_OBJECT_CONVERSION = YES_AGGRESSIVE;
				CLANG_CXX_LANGUAGE_STANDARD = "gnu++20";
				CLANG_ENABLE_MODULES = YES;
				CLANG_ENABLE_OBJC_ARC = YES;
				CLANG_ENABLE_OBJC_WEAK = YES;
				CLANG_WARN_BLOCK_CAPTURE_AUTORELEASING = YES;
				CLANG_WARN_BOOL_CONVERSION = YES;
				CLANG_WARN_COMMA = YES;
				CLANG_WARN_CONSTANT_CONVERSION = YES;
				CLANG_WARN_DEPRECATED_OBJC_IMPLEMENTATIONS = YES;
				CLANG_WARN_DIRECT_OBJC_ISA_USAGE = YES_ERROR;
				CLANG_WARN_DOCUMENTATION_COMMENTS = YES;
				CLANG_WARN_EMPTY_BODY = YES;
				CLANG_WARN_ENUM_CONVERSION = YES;
				CLANG_WARN_INFINITE_RECURSION = YES;
				CLANG_WARN_INT_CONVERSION = YES;
				CLANG_WARN_NON_LITERAL_NULL_CONVERSION = YES;
				CLANG_WARN_OBJC_IMPLICIT_RETAIN_SELF = YES;
				CLANG_WARN_OBJC_LITERAL_CONVERSION = YES;
				CLANG_WARN_OBJC_ROOT_CLASS = YES_ERROR;
				CLANG_WARN_QUOTED_INCLUDE_IN_FRAMEWORK_HEADER = YES;
				CLANG_WARN_RANGE_LOOP_ANALYSIS = YES;
				CLANG_WARN_STRICT_PROTOTYPES = YES;
				CLANG_WARN_SUSPICIOUS_MOVE = YES;
				CLANG_WARN_UNGUARDED_AVAILABILITY = YES_AGGRESSIVE;
				CLANG_WARN_UNREACHABLE_CODE = YES;
				CLANG_WARN__DUPLICATE_METHOD_MATCH = YES;
				COPY_PHASE_STRIP = NO;
				DEBUG_INFORMATION_FORMAT = "dwarf-with-dsym";
				ENABLE_NS_ASSERTIONS = NO;
				ENABLE_STRICT_OBJC_MSGSEND = YES;
				ENABLE_USER_SCRIPT_SANDBOXING = YES;
				GCC_C_LANGUAGE_STANDARD = gnu17;
				GCC_NO_COMMON_BLOCKS = YES;
				GCC_WARN_64_TO_32_BIT_CONVERSION = YES;
				GCC_WARN_ABOUT_RETURN_TYPE = YES_ERROR;
				GCC_WARN_UNDECLARED_SELECTOR = YES;
				GCC_WARN_UNINITIALIZED_AUTOS = YES_AGGRESSIVE;
				GCC_WARN_UNUSED_FUNCTION = YES;
				GCC_WARN_UNUSED_VARIABLE = YES;
				IPHONEOS_DEPLOYMENT_TARGET = 17.5;
				LOCALIZATION_PREFERS_STRING_CATALOGS = YES;
				MTL_ENABLE_DEBUG_INFO = NO;
				MTL_FAST_MATH = YES;
				SDKROOT = iphoneos;
				SWIFT_COMPILATION_MODE = wholemodule;
				VALIDATE_PRODUCT = YES;
			};
			name = Release;
		};
		828B099D2C16DD84006D2554 /* Debug */ = {
			isa = XCBuildConfiguration;
			buildSettings = {
				ASSETCATALOG_COMPILER_APPICON_NAME = AppIcon;
				ASSETCATALOG_COMPILER_GLOBAL_ACCENT_COLOR_NAME = AccentColor;
				CODE_SIGN_STYLE = Automatic;
				CURRENT_PROJECT_VERSION = 1;
				GENERATE_INFOPLIST_FILE = YES;
				INFOPLIST_FILE = ToDoAppLists/Info.plist;
				INFOPLIST_KEY_UIApplicationSupportsIndirectInputEvents = YES;
				INFOPLIST_KEY_UILaunchStoryboardName = LaunchScreen;
				INFOPLIST_KEY_UIMainStoryboardFile = Main;
				INFOPLIST_KEY_UISupportedInterfaceOrientations_iPad = "UIInterfaceOrientationPortrait UIInterfaceOrientationPortraitUpsideDown UIInterfaceOrientationLandscapeLeft UIInterfaceOrientationLandscapeRight";
				INFOPLIST_KEY_UISupportedInterfaceOrientations_iPhone = "UIInterfaceOrientationPortrait UIInterfaceOrientationLandscapeLeft UIInterfaceOrientationLandscapeRight";
				LD_RUNPATH_SEARCH_PATHS = (
					"$(inherited)",
					"@executable_path/Frameworks",
				);
				MARKETING_VERSION = 1.0;
				PRODUCT_BUNDLE_IDENTIFIER = chinmay.ToDoAppLists;
				PRODUCT_NAME = "$(TARGET_NAME)";
				SWIFT_EMIT_LOC_STRINGS = YES;
				SWIFT_VERSION = 5.0;
				TARGETED_DEVICE_FAMILY = "1,2";
			};
			name = Debug;
		};
		828B099E2C16DD84006D2554 /* Release */ = {
			isa = XCBuildConfiguration;
			buildSettings = {
				ASSETCATALOG_COMPILER_APPICON_NAME = AppIcon;
				ASSETCATALOG_COMPILER_GLOBAL_ACCENT_COLOR_NAME = AccentColor;
				CODE_SIGN_STYLE = Automatic;
				CURRENT_PROJECT_VERSION = 1;
				GENERATE_INFOPLIST_FILE = YES;
				INFOPLIST_FILE = ToDoAppLists/Info.plist;
				INFOPLIST_KEY_UIApplicationSupportsIndirectInputEvents = YES;
				INFOPLIST_KEY_UILaunchStoryboardName = LaunchScreen;
				INFOPLIST_KEY_UIMainStoryboardFile = Main;
				INFOPLIST_KEY_UISupportedInterfaceOrientations_iPad = "UIInterfaceOrientationPortrait UIInterfaceOrientationPortraitUpsideDown UIInterfaceOrientationLandscapeLeft UIInterfaceOrientationLandscapeRight";
				INFOPLIST_KEY_UISupportedInterfaceOrientations_iPhone = "UIInterfaceOrientationPortrait UIInterfaceOrientationLandscapeLeft UIInterfaceOrientationLandscapeRight";
				LD_RUNPATH_SEARCH_PATHS = (
					"$(inherited)",
					"@executable_path/Frameworks",
				);
				MARKETING_VERSION = 1.0;
				PRODUCT_BUNDLE_IDENTIFIER = chinmay.ToDoAppLists;
				PRODUCT_NAME = "$(TARGET_NAME)";
				SWIFT_EMIT_LOC_STRINGS = YES;
				SWIFT_VERSION = 5.0;
				TARGETED_DEVICE_FAMILY = "1,2";
			};
			name = Release;
		};
/* End XCBuildConfiguration section */

/* Begin XCConfigurationList section */
		828B09832C16DD83006D2554 /* Build configuration list for PBXProject "ToDoAppLists" */ = {
			isa = XCConfigurationList;
			buildConfigurations = (
				828B099A2C16DD84006D2554 /* Debug */,
				828B099B2C16DD84006D2554 /* Release */,
			);
			defaultConfigurationIsVisible = 0;
			defaultConfigurationName = Release;
		};
		828B099C2C16DD84006D2554 /* Build configuration list for PBXNativeTarget "ToDoAppLists" */ = {
			isa = XCConfigurationList;
			buildConfigurations = (
				828B099D2C16DD84006D2554 /* Debug */,
				828B099E2C16DD84006D2554 /* Release */,
			);
			defaultConfigurationIsVisible = 0;
			defaultConfigurationName = Release;
		};
/* End XCConfigurationList section */
	};
	rootObject = 828B09802C16DD83006D2554 /* Project object */;
}
